
Microsoft Visual Studio Solution File, Format Version 12.00
# Visual Studio Version 16
VisualStudioVersion = 16.0.32106.194
MinimumVisualStudioVersion = 10.0.40219.1
Project("{FAE04EC0-301F-11D3-BF4B-00C04F79EFBC}") = "N-TIER WEB API", "N-TIER WEB API\N-TIER WEB API.csproj", "{2F51D4F7-A76B-467E-BABB-01EEF7EC94E0}"
EndProject
Project("{FAE04EC0-301F-11D3-BF4B-00C04F79EFBC}") = "DAL", "DAL\DAL.csproj", "{1C2D41CA-15D3-4495-B72B-6C32C482DB04}"
EndProject
Project("{FAE04EC0-301F-11D3-BF4B-00C04F79EFBC}") = "BLL", "BLL\BLL.csproj", "{CF8E590B-24DD-4F17-A7CB-CD04046A517D}"
EndProject
Project("{FAE04EC0-301F-11D3-BF4B-00C04F79EFBC}") = "BEL", "BEL\BEL.csproj", "{CA3DEA13-361F-4EBC-B2FA-28DEDFAFC702}"
EndProject
Global
	GlobalSection(SolutionConfigurationPlatforms) = preSolution
		Debug|Any CPU = Debug|Any CPU
		Release|Any CPU = Release|Any CPU
	EndGlobalSection
	GlobalSection(ProjectConfigurationPlatforms) = postSolution
		{2F51D4F7-A76B-467E-BABB-01EEF7EC94E0}.Debug|Any CPU.ActiveCfg = Debug|Any CPU
		{2F51D4F7-A76B-467E-BABB-01EEF7EC94E0}.Debug|Any CPU.Build.0 = Debug|Any CPU
		{2F51D4F7-A76B-467E-BABB-01EEF7EC94E0}.Release|Any CPU.ActiveCfg = Release|Any CPU
		{2F51D4F7-A76B-467E-BABB-01EEF7EC94E0}.Release|Any CPU.Build.0 = Release|Any CPU
		{1C2D41CA-15D3-4495-B72B-6C32C482DB04}.Debug|Any CPU.ActiveCfg = Debug|Any CPU
		{1C2D41CA-15D3-4495-B72B-6C32C482DB04}.Debug|Any CPU.Build.0 = Debug|Any CPU
		{1C2D41CA-15D3-4495-B72B-6C32C482DB04}.Release|Any CPU.ActiveCfg = Release|Any CPU
		{1C2D41CA-15D3-4495-B72B-6C32C482DB04}.Release|Any CPU.Build.0 = Release|Any CPU
		{CF8E590B-24DD-4F17-A7CB-CD04046A517D}.Debug|Any CPU.ActiveCfg = Debug|Any CPU
		{CF8E590B-24DD-4F17-A7CB-CD04046A517D}.Debug|Any CPU.Build.0 = Debug|Any CPU
		{CF8E590B-24DD-4F17-A7CB-CD04046A517D}.Release|Any CPU.ActiveCfg = Release|Any CPU
		{CF8E590B-24DD-4F17-A7CB-CD04046A517D}.Release|Any CPU.Build.0 = Release|Any CPU
		{CA3DEA13-361F-4EBC-B2FA-28DEDFAFC702}.Debug|Any CPU.ActiveCfg = Debug|Any CPU
		{CA3DEA13-361F-4EBC-B2FA-28DEDFAFC702}.Debug|Any CPU.Build.0 = Debug|Any CPU
		{CA3DEA13-361F-4EBC-B2FA-28DEDFAFC702}.Release|Any CPU.ActiveCfg = Release|Any CPU
		{CA3DEA13-361F-4EBC-B2FA-28DEDFAFC702}.Release|Any CPU.Build.0 = Release|Any CPU
	EndGlobalSection
	GlobalSection(SolutionProperties) = preSolution
		HideSolutionNode = FALSE
	EndGlobalSection
	GlobalSection(ExtensibilityGlobals) = postSolution
		SolutionGuid = {FD8266BA-5EAD-4801-A6F3-F518EAAE2D78}
	EndGlobalSection
EndGlobal
